// !$*UTF8*$!
{
	archiveVersion = 1;
	classes = {
	};
	objectVersion = 51;
	objects = {

/* Begin PBXBuildFile section */
		3A3341F02619488A0024BC54 /* MovieCell.swift in Sources */ = {isa = PBXBuildFile; fileRef = 3A3341EF2619488A0024BC54 /* MovieCell.swift */; };
		3A44345926242584009F672A /* MovieDetailsViewController.swift in Sources */ = {isa = PBXBuildFile; fileRef = 3A44345826242584009F672A /* MovieDetailsViewController.swift */; };
		3A9DC7A626295F1600CE1AE5 /* MovieTrailerViewController.swift in Sources */ = {isa = PBXBuildFile; fileRef = 3A9DC7A526295F1600CE1AE5 /* MovieTrailerViewController.swift */; };
		3A9DC7AB26296AE000CE1AE5 /* WebKit.framework in Frameworks */ = {isa = PBXBuildFile; fileRef = 3A9DC7AA26296AE000CE1AE5 /* WebKit.framework */; };
		3AA527052618EF20002975B2 /* AppDelegate.swift in Sources */ = {isa = PBXBuildFile; fileRef = 3AA527042618EF20002975B2 /* AppDelegate.swift */; };
		3AA527072618EF20002975B2 /* SceneDelegate.swift in Sources */ = {isa = PBXBuildFile; fileRef = 3AA527062618EF20002975B2 /* SceneDelegate.swift */; };
		3AA5270C2618EF20002975B2 /* Main.storyboard in Resources */ = {isa = PBXBuildFile; fileRef = 3AA5270A2618EF20002975B2 /* Main.storyboard */; };
		3AA5270E2618EF21002975B2 /* Assets.xcassets in Resources */ = {isa = PBXBuildFile; fileRef = 3AA5270D2618EF21002975B2 /* Assets.xcassets */; };
		3AA527112618EF21002975B2 /* LaunchScreen.storyboard in Resources */ = {isa = PBXBuildFile; fileRef = 3AA5270F2618EF21002975B2 /* LaunchScreen.storyboard */; };
		3AA5271C2618EF21002975B2 /* flixTests.swift in Sources */ = {isa = PBXBuildFile; fileRef = 3AA5271B2618EF21002975B2 /* flixTests.swift */; };
		3AA527272618EF21002975B2 /* flixUITests.swift in Sources */ = {isa = PBXBuildFile; fileRef = 3AA527262618EF21002975B2 /* flixUITests.swift */; };
		3AA527382618F16C002975B2 /* MoviesViewController.swift in Sources */ = {isa = PBXBuildFile; fileRef = 3AA527372618F16C002975B2 /* MoviesViewController.swift */; };
		3ADE6915262804F100B62F10 /* MovieGridViewController.swift in Sources */ = {isa = PBXBuildFile; fileRef = 3ADE6914262804F100B62F10 /* MovieGridViewController.swift */; };
		3ADE691A2628083100B62F10 /* MovieGridCell.swift in Sources */ = {isa = PBXBuildFile; fileRef = 3ADE69192628083100B62F10 /* MovieGridCell.swift */; };
		74AFD90268BD5E913A01C77A /* Pods_flixTests.framework in Frameworks */ = {isa = PBXBuildFile; fileRef = FE78AE2A588EB7F4AC8D4863 /* Pods_flixTests.framework */; };
		C5E8B019CF66E27F2FFA181E /* Pods_flix.framework in Frameworks */ = {isa = PBXBuildFile; fileRef = A919D27E05AA0C4D52F3FF53 /* Pods_flix.framework */; };
		D00C6137B8C9DE7D68AE90C2 /* Pods_flix_flixUITests.framework in Frameworks */ = {isa = PBXBuildFile; fileRef = CBA613B5221A3E84753881E1 /* Pods_flix_flixUITests.framework */; };
/* End PBXBuildFile section */

/* Begin PBXContainerItemProxy section */
		3AA527182618EF21002975B2 /* PBXContainerItemProxy */ = {
			isa = PBXContainerItemProxy;
			containerPortal = 3AA526F92618EF20002975B2 /* Project object */;
			proxyType = 1;
			remoteGlobalIDString = 3AA527002618EF20002975B2;
			remoteInfo = flix;
		};
		3AA527232618EF21002975B2 /* PBXContainerItemProxy */ = {
			isa = PBXContainerItemProxy;
			containerPortal = 3AA526F92618EF20002975B2 /* Project object */;
			proxyType = 1;
			remoteGlobalIDString = 3AA527002618EF20002975B2;
			remoteInfo = flix;
		};
/* End PBXContainerItemProxy section */

/* Begin PBXFileReference section */
		062F8FC81FE1775BF23554F8 /* Pods-flix-flixUITests.debug.xcconfig */ = {isa = PBXFileReference; includeInIndex = 1; lastKnownFileType = text.xcconfig; name = "Pods-flix-flixUITests.debug.xcconfig"; path = "Target Support Files/Pods-flix-flixUITests/Pods-flix-flixUITests.debug.xcconfig"; sourceTree = "<group>"; };
		3A3341EF2619488A0024BC54 /* MovieCell.swift */ = {isa = PBXFileReference; lastKnownFileType = sourcecode.swift; path = MovieCell.swift; sourceTree = "<group>"; };
		3A44345826242584009F672A /* MovieDetailsViewController.swift */ = {isa = PBXFileReference; lastKnownFileType = sourcecode.swift; path = MovieDetailsViewController.swift; sourceTree = "<group>"; };
		3A9DC7A526295F1600CE1AE5 /* MovieTrailerViewController.swift */ = {isa = PBXFileReference; lastKnownFileType = sourcecode.swift; path = MovieTrailerViewController.swift; sourceTree = "<group>"; };
		3A9DC7AA26296AE000CE1AE5 /* WebKit.framework */ = {isa = PBXFileReference; lastKnownFileType = wrapper.framework; name = WebKit.framework; path = System/Library/Frameworks/WebKit.framework; sourceTree = SDKROOT; };
		3AA527012618EF20002975B2 /* flix.app */ = {isa = PBXFileReference; explicitFileType = wrapper.application; includeInIndex = 0; path = flix.app; sourceTree = BUILT_PRODUCTS_DIR; };
		3AA527042618EF20002975B2 /* AppDelegate.swift */ = {isa = PBXFileReference; lastKnownFileType = sourcecode.swift; path = AppDelegate.swift; sourceTree = "<group>"; };
		3AA527062618EF20002975B2 /* SceneDelegate.swift */ = {isa = PBXFileReference; lastKnownFileType = sourcecode.swift; path = SceneDelegate.swift; sourceTree = "<group>"; };
		3AA5270B2618EF20002975B2 /* Base */ = {isa = PBXFileReference; lastKnownFileType = file.storyboard; name = Base; path = Base.lproj/Main.storyboard; sourceTree = "<group>"; };
		3AA5270D2618EF21002975B2 /* Assets.xcassets */ = {isa = PBXFileReference; lastKnownFileType = folder.assetcatalog; path = Assets.xcassets; sourceTree = "<group>"; };
		3AA527102618EF21002975B2 /* Base */ = {isa = PBXFileReference; lastKnownFileType = file.storyboard; name = Base; path = Base.lproj/LaunchScreen.storyboard; sourceTree = "<group>"; };
		3AA527122618EF21002975B2 /* Info.plist */ = {isa = PBXFileReference; lastKnownFileType = text.plist.xml; path = Info.plist; sourceTree = "<group>"; };
		3AA527172618EF21002975B2 /* flixTests.xctest */ = {isa = PBXFileReference; explicitFileType = wrapper.cfbundle; includeInIndex = 0; path = flixTests.xctest; sourceTree = BUILT_PRODUCTS_DIR; };
		3AA5271B2618EF21002975B2 /* flixTests.swift */ = {isa = PBXFileReference; lastKnownFileType = sourcecode.swift; path = flixTests.swift; sourceTree = "<group>"; };
		3AA5271D2618EF21002975B2 /* Info.plist */ = {isa = PBXFileReference; lastKnownFileType = text.plist.xml; path = Info.plist; sourceTree = "<group>"; };
		3AA527222618EF21002975B2 /* flixUITests.xctest */ = {isa = PBXFileReference; explicitFileType = wrapper.cfbundle; includeInIndex = 0; path = flixUITests.xctest; sourceTree = BUILT_PRODUCTS_DIR; };
		3AA527262618EF21002975B2 /* flixUITests.swift */ = {isa = PBXFileReference; lastKnownFileType = sourcecode.swift; path = flixUITests.swift; sourceTree = "<group>"; };
		3AA527282618EF21002975B2 /* Info.plist */ = {isa = PBXFileReference; lastKnownFileType = text.plist.xml; path = Info.plist; sourceTree = "<group>"; };
		3AA527372618F16C002975B2 /* MoviesViewController.swift */ = {isa = PBXFileReference; lastKnownFileType = sourcecode.swift; path = MoviesViewController.swift; sourceTree = "<group>"; };
		3ADE6914262804F100B62F10 /* MovieGridViewController.swift */ = {isa = PBXFileReference; lastKnownFileType = sourcecode.swift; path = MovieGridViewController.swift; sourceTree = "<group>"; };
		3ADE69192628083100B62F10 /* MovieGridCell.swift */ = {isa = PBXFileReference; lastKnownFileType = sourcecode.swift; path = MovieGridCell.swift; sourceTree = "<group>"; };
		43463F4A1FAC7EDEE871F2D1 /* Pods-flix.release.xcconfig */ = {isa = PBXFileReference; includeInIndex = 1; lastKnownFileType = text.xcconfig; name = "Pods-flix.release.xcconfig"; path = "Target Support Files/Pods-flix/Pods-flix.release.xcconfig"; sourceTree = "<group>"; };
		5BE1C0F2FE966432D092D3AA /* Pods-flixTests.release.xcconfig */ = {isa = PBXFileReference; includeInIndex = 1; lastKnownFileType = text.xcconfig; name = "Pods-flixTests.release.xcconfig"; path = "Target Support Files/Pods-flixTests/Pods-flixTests.release.xcconfig"; sourceTree = "<group>"; };
		5EEC2CA1F9CC085D8275C137 /* Pods-flixTests.debug.xcconfig */ = {isa = PBXFileReference; includeInIndex = 1; lastKnownFileType = text.xcconfig; name = "Pods-flixTests.debug.xcconfig"; path = "Target Support Files/Pods-flixTests/Pods-flixTests.debug.xcconfig"; sourceTree = "<group>"; };
		6099340E56B4CD6AE68AB10D /* Pods-flix-flixUITests.release.xcconfig */ = {isa = PBXFileReference; includeInIndex = 1; lastKnownFileType = text.xcconfig; name = "Pods-flix-flixUITests.release.xcconfig"; path = "Target Support Files/Pods-flix-flixUITests/Pods-flix-flixUITests.release.xcconfig"; sourceTree = "<group>"; };
		758338F54EF1C0B56CB20614 /* Pods-flix.debug.xcconfig */ = {isa = PBXFileReference; includeInIndex = 1; lastKnownFileType = text.xcconfig; name = "Pods-flix.debug.xcconfig"; path = "Target Support Files/Pods-flix/Pods-flix.debug.xcconfig"; sourceTree = "<group>"; };
		A919D27E05AA0C4D52F3FF53 /* Pods_flix.framework */ = {isa = PBXFileReference; explicitFileType = wrapper.framework; includeInIndex = 0; path = Pods_flix.framework; sourceTree = BUILT_PRODUCTS_DIR; };
		CBA613B5221A3E84753881E1 /* Pods_flix_flixUITests.framework */ = {isa = PBXFileReference; explicitFileType = wrapper.framework; includeInIndex = 0; path = Pods_flix_flixUITests.framework; sourceTree = BUILT_PRODUCTS_DIR; };
		FE78AE2A588EB7F4AC8D4863 /* Pods_flixTests.framework */ = {isa = PBXFileReference; explicitFileType = wrapper.framework; includeInIndex = 0; path = Pods_flixTests.framework; sourceTree = BUILT_PRODUCTS_DIR; };
/* End PBXFileReference section */

/* Begin PBXFrameworksBuildPhase section */
		3AA526FE2618EF20002975B2 /* Frameworks */ = {
			isa = PBXFrameworksBuildPhase;
			buildActionMask = 2147483647;
			files = (
				3A9DC7AB26296AE000CE1AE5 /* WebKit.framework in Frameworks */,
				C5E8B019CF66E27F2FFA181E /* Pods_flix.framework in Frameworks */,
			);
			runOnlyForDeploymentPostprocessing = 0;
		};
		3AA527142618EF21002975B2 /* Frameworks */ = {
			isa = PBXFrameworksBuildPhase;
			buildActionMask = 2147483647;
			files = (
				74AFD90268BD5E913A01C77A /* Pods_flixTests.framework in Frameworks */,
			);
			runOnlyForDeploymentPostprocessing = 0;
		};
		3AA5271F2618EF21002975B2 /* Frameworks */ = {
			isa = PBXFrameworksBuildPhase;
			buildActionMask = 2147483647;
			files = (
				D00C6137B8C9DE7D68AE90C2 /* Pods_flix_flixUITests.framework in Frameworks */,
			);
			runOnlyForDeploymentPostprocessing = 0;
		};
/* End PBXFrameworksBuildPhase section */

/* Begin PBXGroup section */
		177215E376FD147A8A4CF92A /* Pods */ = {
			isa = PBXGroup;
			children = (
				758338F54EF1C0B56CB20614 /* Pods-flix.debug.xcconfig */,
				43463F4A1FAC7EDEE871F2D1 /* Pods-flix.release.xcconfig */,
				062F8FC81FE1775BF23554F8 /* Pods-flix-flixUITests.debug.xcconfig */,
				6099340E56B4CD6AE68AB10D /* Pods-flix-flixUITests.release.xcconfig */,
				5EEC2CA1F9CC085D8275C137 /* Pods-flixTests.debug.xcconfig */,
				5BE1C0F2FE966432D092D3AA /* Pods-flixTests.release.xcconfig */,
			);
			path = Pods;
			sourceTree = "<group>";
		};
		3AA526F82618EF20002975B2 = {
			isa = PBXGroup;
			children = (
				3AA527032618EF20002975B2 /* flix */,
				3AA5271A2618EF21002975B2 /* flixTests */,
				3AA527252618EF21002975B2 /* flixUITests */,
				3AA527022618EF20002975B2 /* Products */,
				177215E376FD147A8A4CF92A /* Pods */,
				F713B01E97CE336D5EEC4082 /* Frameworks */,
			);
			sourceTree = "<group>";
		};
		3AA527022618EF20002975B2 /* Products */ = {
			isa = PBXGroup;
			children = (
				3AA527012618EF20002975B2 /* flix.app */,
				3AA527172618EF21002975B2 /* flixTests.xctest */,
				3AA527222618EF21002975B2 /* flixUITests.xctest */,
			);
			name = Products;
			sourceTree = "<group>";
		};
		3AA527032618EF20002975B2 /* flix */ = {
			isa = PBXGroup;
			children = (
				3AA527042618EF20002975B2 /* AppDelegate.swift */,
				3ADE69192628083100B62F10 /* MovieGridCell.swift */,
				3AA527062618EF20002975B2 /* SceneDelegate.swift */,
				3AA5270A2618EF20002975B2 /* Main.storyboard */,
				3A3341EF2619488A0024BC54 /* MovieCell.swift */,
				3AA5270D2618EF21002975B2 /* Assets.xcassets */,
				3AA5270F2618EF21002975B2 /* LaunchScreen.storyboard */,
				3AA527122618EF21002975B2 /* Info.plist */,
				3AA527372618F16C002975B2 /* MoviesViewController.swift */,
				3A44345826242584009F672A /* MovieDetailsViewController.swift */,
				3ADE6914262804F100B62F10 /* MovieGridViewController.swift */,
				3A9DC7A526295F1600CE1AE5 /* MovieTrailerViewController.swift */,
			);
			path = flix;
			sourceTree = "<group>";
		};
		3AA5271A2618EF21002975B2 /* flixTests */ = {
			isa = PBXGroup;
			children = (
				3AA5271B2618EF21002975B2 /* flixTests.swift */,
				3AA5271D2618EF21002975B2 /* Info.plist */,
			);
			path = flixTests;
			sourceTree = "<group>";
		};
		3AA527252618EF21002975B2 /* flixUITests */ = {
			isa = PBXGroup;
			children = (
				3AA527262618EF21002975B2 /* flixUITests.swift */,
				3AA527282618EF21002975B2 /* Info.plist */,
			);
			path = flixUITests;
			sourceTree = "<group>";
		};
		F713B01E97CE336D5EEC4082 /* Frameworks */ = {
			isa = PBXGroup;
			children = (
				3A9DC7AA26296AE000CE1AE5 /* WebKit.framework */,
				A919D27E05AA0C4D52F3FF53 /* Pods_flix.framework */,
				CBA613B5221A3E84753881E1 /* Pods_flix_flixUITests.framework */,
				FE78AE2A588EB7F4AC8D4863 /* Pods_flixTests.framework */,
			);
			name = Frameworks;
			sourceTree = "<group>";
		};
/* End PBXGroup section */

/* Begin PBXNativeTarget section */
		3AA527002618EF20002975B2 /* flix */ = {
			isa = PBXNativeTarget;
			buildConfigurationList = 3AA5272B2618EF21002975B2 /* Build configuration list for PBXNativeTarget "flix" */;
			buildPhases = (
				FFD666DF70C7CE004E866457 /* [CP] Check Pods Manifest.lock */,
				3AA526FD2618EF20002975B2 /* Sources */,
				3AA526FE2618EF20002975B2 /* Frameworks */,
				3AA526FF2618EF20002975B2 /* Resources */,
				44DF7BF4D12F60CEDA756E02 /* [CP] Embed Pods Frameworks */,
			);
			buildRules = (
			);
			dependencies = (
			);
			name = flix;
			productName = flix;
			productReference = 3AA527012618EF20002975B2 /* flix.app */;
			productType = "com.apple.product-type.application";
		};
		3AA527162618EF21002975B2 /* flixTests */ = {
			isa = PBXNativeTarget;
			buildConfigurationList = 3AA5272E2618EF21002975B2 /* Build configuration list for PBXNativeTarget "flixTests" */;
			buildPhases = (
				650F49399844B274846E13E9 /* [CP] Check Pods Manifest.lock */,
				3AA527132618EF21002975B2 /* Sources */,
				3AA527142618EF21002975B2 /* Frameworks */,
				3AA527152618EF21002975B2 /* Resources */,
			);
			buildRules = (
			);
			dependencies = (
				3AA527192618EF21002975B2 /* PBXTargetDependency */,
			);
			name = flixTests;
			productName = flixTests;
			productReference = 3AA527172618EF21002975B2 /* flixTests.xctest */;
			productType = "com.apple.product-type.bundle.unit-test";
		};
		3AA527212618EF21002975B2 /* flixUITests */ = {
			isa = PBXNativeTarget;
			buildConfigurationList = 3AA527312618EF21002975B2 /* Build configuration list for PBXNativeTarget "flixUITests" */;
			buildPhases = (
				6D3564C922D5C46F4A583649 /* [CP] Check Pods Manifest.lock */,
				3AA5271E2618EF21002975B2 /* Sources */,
				3AA5271F2618EF21002975B2 /* Frameworks */,
				3AA527202618EF21002975B2 /* Resources */,
				ACC18343B7587B805E4726F8 /* [CP] Embed Pods Frameworks */,
			);
			buildRules = (
			);
			dependencies = (
				3AA527242618EF21002975B2 /* PBXTargetDependency */,
			);
			name = flixUITests;
			productName = flixUITests;
			productReference = 3AA527222618EF21002975B2 /* flixUITests.xctest */;
			productType = "com.apple.product-type.bundle.ui-testing";
		};
/* End PBXNativeTarget section */

/* Begin PBXProject section */
		3AA526F92618EF20002975B2 /* Project object */ = {
			isa = PBXProject;
			attributes = {
				LastSwiftUpdateCheck = 1230;
				LastUpgradeCheck = 1230;
				TargetAttributes = {
					3AA527002618EF20002975B2 = {
						CreatedOnToolsVersion = 12.3;
					};
					3AA527162618EF21002975B2 = {
						CreatedOnToolsVersion = 12.3;
						TestTargetID = 3AA527002618EF20002975B2;
					};
					3AA527212618EF21002975B2 = {
						CreatedOnToolsVersion = 12.3;
						TestTargetID = 3AA527002618EF20002975B2;
					};
				};
			};
			buildConfigurationList = 3AA526FC2618EF20002975B2 /* Build configuration list for PBXProject "flix" */;
			compatibilityVersion = "Xcode 9.3";
			developmentRegion = en;
			hasScannedForEncodings = 0;
			knownRegions = (
				en,
				Base,
			);
			mainGroup = 3AA526F82618EF20002975B2;
			productRefGroup = 3AA527022618EF20002975B2 /* Products */;
			projectDirPath = "";
			projectRoot = "";
			targets = (
				3AA527002618EF20002975B2 /* flix */,
				3AA527162618EF21002975B2 /* flixTests */,
				3AA527212618EF21002975B2 /* flixUITests */,
			);
		};
/* End PBXProject section */

/* Begin PBXResourcesBuildPhase section */
		3AA526FF2618EF20002975B2 /* Resources */ = {
			isa = PBXResourcesBuildPhase;
			buildActionMask = 2147483647;
			files = (
				3AA527112618EF21002975B2 /* LaunchScreen.storyboard in Resources */,
				3AA5270E2618EF21002975B2 /* Assets.xcassets in Resources */,
				3AA5270C2618EF20002975B2 /* Main.storyboard in Resources */,
			);
			runOnlyForDeploymentPostprocessing = 0;
		};
		3AA527152618EF21002975B2 /* Resources */ = {
			isa = PBXResourcesBuildPhase;
			buildActionMask = 2147483647;
			files = (
			);
			runOnlyForDeploymentPostprocessing = 0;
		};
		3AA527202618EF21002975B2 /* Resources */ = {
			isa = PBXResourcesBuildPhase;
			buildActionMask = 2147483647;
			files = (
			);
			runOnlyForDeploymentPostprocessing = 0;
		};
/* End PBXResourcesBuildPhase section */

/* Begin PBXShellScriptBuildPhase section */
		44DF7BF4D12F60CEDA756E02 /* [CP] Embed Pods Frameworks */ = {
			isa = PBXShellScriptBuildPhase;
			buildActionMask = 2147483647;
			files = (
			);
			inputFileListPaths = (
				"${PODS_ROOT}/Target Support Files/Pods-flix/Pods-flix-frameworks-${CONFIGURATION}-input-files.xcfilelist",
			);
			name = "[CP] Embed Pods Frameworks";
			outputFileListPaths = (
				"${PODS_ROOT}/Target Support Files/Pods-flix/Pods-flix-frameworks-${CONFIGURATION}-output-files.xcfilelist",
			);
			runOnlyForDeploymentPostprocessing = 0;
			shellPath = /bin/sh;
			shellScript = "\"${PODS_ROOT}/Target Support Files/Pods-flix/Pods-flix-frameworks.sh\"\n";
			showEnvVarsInLog = 0;
		};
		650F49399844B274846E13E9 /* [CP] Check Pods Manifest.lock */ = {
			isa = PBXShellScriptBuildPhase;
			buildActionMask = 2147483647;
			files = (
			);
			inputFileListPaths = (
			);
			inputPaths = (
				"${PODS_PODFILE_DIR_PATH}/Podfile.lock",
				"${PODS_ROOT}/Manifest.lock",
			);
			name = "[CP] Check Pods Manifest.lock";
			outputFileListPaths = (
			);
			outputPaths = (
				"$(DERIVED_FILE_DIR)/Pods-flixTests-checkManifestLockResult.txt",
			);
			runOnlyForDeploymentPostprocessing = 0;
			shellPath = /bin/sh;
			shellScript = "diff \"${PODS_PODFILE_DIR_PATH}/Podfile.lock\" \"${PODS_ROOT}/Manifest.lock\" > /dev/null\nif [ $? != 0 ] ; then\n    # print error to STDERR\n    echo \"error: The sandbox is not in sync with the Podfile.lock. Run 'pod install' or update your CocoaPods installation.\" >&2\n    exit 1\nfi\n# This output is used by Xcode 'outputs' to avoid re-running this script phase.\necho \"SUCCESS\" > \"${SCRIPT_OUTPUT_FILE_0}\"\n";
			showEnvVarsInLog = 0;
		};
		6D3564C922D5C46F4A583649 /* [CP] Check Pods Manifest.lock */ = {
			isa = PBXShellScriptBuildPhase;
			buildActionMask = 2147483647;
			files = (
			);
			inputFileListPaths = (
			);
			inputPaths = (
				"${PODS_PODFILE_DIR_PATH}/Podfile.lock",
				"${PODS_ROOT}/Manifest.lock",
			);
			name = "[CP] Check Pods Manifest.lock";
			outputFileListPaths = (
			);
			outputPaths = (
				"$(DERIVED_FILE_DIR)/Pods-flix-flixUITests-checkManifestLockResult.txt",
			);
			runOnlyForDeploymentPostprocessing = 0;
			shellPath = /bin/sh;
			shellScript = "diff \"${PODS_PODFILE_DIR_PATH}/Podfile.lock\" \"${PODS_ROOT}/Manifest.lock\" > /dev/null\nif [ $? != 0 ] ; then\n    # print error to STDERR\n    echo \"error: The sandbox is not in sync with the Podfile.lock. Run 'pod install' or update your CocoaPods installation.\" >&2\n    exit 1\nfi\n# This output is used by Xcode 'outputs' to avoid re-running this script phase.\necho \"SUCCESS\" > \"${SCRIPT_OUTPUT_FILE_0}\"\n";
			showEnvVarsInLog = 0;
		};
		ACC18343B7587B805E4726F8 /* [CP] Embed Pods Frameworks */ = {
			isa = PBXShellScriptBuildPhase;
			buildActionMask = 2147483647;
			files = (
			);
			inputFileListPaths = (
				"${PODS_ROOT}/Target Support Files/Pods-flix-flixUITests/Pods-flix-flixUITests-frameworks-${CONFIGURATION}-input-files.xcfilelist",
			);
			name = "[CP] Embed Pods Frameworks";
			outputFileListPaths = (
				"${PODS_ROOT}/Target Support Files/Pods-flix-flixUITests/Pods-flix-flixUITests-frameworks-${CONFIGURATION}-output-files.xcfilelist",
			);
			runOnlyForDeploymentPostprocessing = 0;
			shellPath = /bin/sh;
			shellScript = "\"${PODS_ROOT}/Target Support Files/Pods-flix-flixUITests/Pods-flix-flixUITests-frameworks.sh\"\n";
			showEnvVarsInLog = 0;
		};
		FFD666DF70C7CE004E866457 /* [CP] Check Pods Manifest.lock */ = {
			isa = PBXShellScriptBuildPhase;
			buildActionMask = 2147483647;
			files = (
			);
			inputFileListPaths = (
			);
			inputPaths = (
				"${PODS_PODFILE_DIR_PATH}/Podfile.lock",
				"${PODS_ROOT}/Manifest.lock",
			);
			name = "[CP] Check Pods Manifest.lock";
			outputFileListPaths = (
			);
			outputPaths = (
				"$(DERIVED_FILE_DIR)/Pods-flix-checkManifestLockResult.txt",
			);
			runOnlyForDeploymentPostprocessing = 0;
			shellPath = /bin/sh;
			shellScript = "diff \"${PODS_PODFILE_DIR_PATH}/Podfile.lock\" \"${PODS_ROOT}/Manifest.lock\" > /dev/null\nif [ $? != 0 ] ; then\n    # print error to STDERR\n    echo \"error: The sandbox is not in sync with the Podfile.lock. Run 'pod install' or update your CocoaPods installation.\" >&2\n    exit 1\nfi\n# This output is used by Xcode 'outputs' to avoid re-running this script phase.\necho \"SUCCESS\" > \"${SCRIPT_OUTPUT_FILE_0}\"\n";
			showEnvVarsInLog = 0;
		};
/* End PBXShellScriptBuildPhase section */

/* Begin PBXSourcesBuildPhase section */
		3AA526FD2618EF20002975B2 /* Sources */ = {
			isa = PBXSourcesBuildPhase;
			buildActionMask = 2147483647;
			files = (
				3A44345926242584009F672A /* MovieDetailsViewController.swift in Sources */,
				3AA527052618EF20002975B2 /* AppDelegate.swift in Sources */,
				3A9DC7A626295F1600CE1AE5 /* MovieTrailerViewController.swift in Sources */,
				3AA527072618EF20002975B2 /* SceneDelegate.swift in Sources */,
				3A3341F02619488A0024BC54 /* MovieCell.swift in Sources */,
				3AA527382618F16C002975B2 /* MoviesViewController.swift in Sources */,
				3ADE6915262804F100B62F10 /* MovieGridViewController.swift in Sources */,
				3ADE691A2628083100B62F10 /* MovieGridCell.swift in Sources */,
			);
			runOnlyForDeploymentPostprocessing = 0;
		};
		3AA527132618EF21002975B2 /* Sources */ = {
			isa = PBXSourcesBuildPhase;
			buildActionMask = 2147483647;
			files = (
				3AA5271C2618EF21002975B2 /* flixTests.swift in Sources */,
			);
			runOnlyForDeploymentPostprocessing = 0;
		};
		3AA5271E2618EF21002975B2 /* Sources */ = {
			isa = PBXSourcesBuildPhase;
			buildActionMask = 2147483647;
			files = (
				3AA527272618EF21002975B2 /* flixUITests.swift in Sources */,
			);
			runOnlyForDeploymentPostprocessing = 0;
		};
/* End PBXSourcesBuildPhase section */

/* Begin PBXTargetDependency section */
		3AA527192618EF21002975B2 /* PBXTargetDependency */ = {
			isa = PBXTargetDependency;
			target = 3AA527002618EF20002975B2 /* flix */;
			targetProxy = 3AA527182618EF21002975B2 /* PBXContainerItemProxy */;
		};
		3AA527242618EF21002975B2 /* PBXTargetDependency */ = {
			isa = PBXTargetDependency;
			target = 3AA527002618EF20002975B2 /* flix */;
			targetProxy = 3AA527232618EF21002975B2 /* PBXContainerItemProxy */;
		};
/* End PBXTargetDependency section */

/* Begin PBXVariantGroup section */
		3AA5270A2618EF20002975B2 /* Main.storyboard */ = {
			isa = PBXVariantGroup;
			children = (
				3AA5270B2618EF20002975B2 /* Base */,
			);
			name = Main.storyboard;
			sourceTree = "<group>";
		};
		3AA5270F2618EF21002975B2 /* LaunchScreen.storyboard */ = {
			isa = PBXVariantGroup;
			children = (
				3AA527102618EF21002975B2 /* Base */,
			);
			name = LaunchScreen.storyboard;
			sourceTree = "<group>";
		};
/* End PBXVariantGroup section */

/* Begin XCBuildConfiguration section */
		3AA527292618EF21002975B2 /* Debug */ = {
			isa = XCBuildConfiguration;
			buildSettings = {
				ALWAYS_SEARCH_USER_PATHS = NO;
				CLANG_ANALYZER_NONNULL = YES;
				CLANG_ANALYZER_NUMBER_OBJECT_CONVERSION = YES_AGGRESSIVE;
				CLANG_CXX_LANGUAGE_STANDARD = "gnu++14";
				CLANG_CXX_LIBRARY = "libc++";
				CLANG_ENABLE_MODULES = YES;
				CLANG_ENABLE_OBJC_ARC = YES;
				CLANG_ENABLE_OBJC_WEAK = YES;
				CLANG_WARN_BLOCK_CAPTURE_AUTORELEASING = YES;
				CLANG_WARN_BOOL_CONVERSION = YES;
				CLANG_WARN_COMMA = YES;
				CLANG_WARN_CONSTANT_CONVERSION = YES;
				CLANG_WARN_DEPRECATED_OBJC_IMPLEMENTATIONS = YES;
				CLANG_WARN_DIRECT_OBJC_ISA_USAGE = YES_ERROR;
				CLANG_WARN_DOCUMENTATION_COMMENTS = YES;
				CLANG_WARN_EMPTY_BODY = YES;
				CLANG_WARN_ENUM_CONVERSION = YES;
				CLANG_WARN_INFINITE_RECURSION = YES;
				CLANG_WARN_INT_CONVERSION = YES;
				CLANG_WARN_NON_LITERAL_NULL_CONVERSION = YES;
				CLANG_WARN_OBJC_IMPLICIT_RETAIN_SELF = YES;
				CLANG_WARN_OBJC_LITERAL_CONVERSION = YES;
				CLANG_WARN_OBJC_ROOT_CLASS = YES_ERROR;
				CLANG_WARN_QUOTED_INCLUDE_IN_FRAMEWORK_HEADER = YES;
				CLANG_WARN_RANGE_LOOP_ANALYSIS = YES;
				CLANG_WARN_STRICT_PROTOTYPES = YES;
				CLANG_WARN_SUSPICIOUS_MOVE = YES;
				CLANG_WARN_UNGUARDED_AVAILABILITY = YES_AGGRESSIVE;
				CLANG_WARN_UNREACHABLE_CODE = YES;
				CLANG_WARN__DUPLICATE_METHOD_MATCH = YES;
				COPY_PHASE_STRIP = NO;
				DEBUG_INFORMATION_FORMAT = dwarf;
				ENABLE_STRICT_OBJC_MSGSEND = YES;
				ENABLE_TESTABILITY = YES;
				GCC_C_LANGUAGE_STANDARD = gnu11;
				GCC_DYNAMIC_NO_PIC = NO;
				GCC_NO_COMMON_BLOCKS = YES;
				GCC_OPTIMIZATION_LEVEL = 0;
				GCC_PREPROCESSOR_DEFINITIONS = (
					"DEBUG=1",
					"$(inherited)",
				);
				GCC_WARN_64_TO_32_BIT_CONVERSION = YES;
				GCC_WARN_ABOUT_RETURN_TYPE = YES_ERROR;
				GCC_WARN_UNDECLARED_SELECTOR = YES;
				GCC_WARN_UNINITIALIZED_AUTOS = YES_AGGRESSIVE;
				GCC_WARN_UNUSED_FUNCTION = YES;
				GCC_WARN_UNUSED_VARIABLE = YES;
				IPHONEOS_DEPLOYMENT_TARGET = 14.3;
				MTL_ENABLE_DEBUG_INFO = INCLUDE_SOURCE;
				MTL_FAST_MATH = YES;
				ONLY_ACTIVE_ARCH = YES;
				SDKROOT = iphoneos;
				SWIFT_ACTIVE_COMPILATION_CONDITIONS = DEBUG;
				SWIFT_OPTIMIZATION_LEVEL = "-Onone";
			};
			name = Debug;
		};
		3AA5272A2618EF21002975B2 /* Release */ = {
			isa = XCBuildConfiguration;
			buildSettings = {
				ALWAYS_SEARCH_USER_PATHS = NO;
				CLANG_ANALYZER_NONNULL = YES;
				CLANG_ANALYZER_NUMBER_OBJECT_CONVERSION = YES_AGGRESSIVE;
				CLANG_CXX_LANGUAGE_STANDARD = "gnu++14";
				CLANG_CXX_LIBRARY = "libc++";
				CLANG_ENABLE_MODULES = YES;
				CLANG_ENABLE_OBJC_ARC = YES;
				CLANG_ENABLE_OBJC_WEAK = YES;
				CLANG_WARN_BLOCK_CAPTURE_AUTORELEASING = YES;
				CLANG_WARN_BOOL_CONVERSION = YES;
				CLANG_WARN_COMMA = YES;
				CLANG_WARN_CONSTANT_CONVERSION = YES;
				CLANG_WARN_DEPRECATED_OBJC_IMPLEMENTATIONS = YES;
				CLANG_WARN_DIRECT_OBJC_ISA_USAGE = YES_ERROR;
				CLANG_WARN_DOCUMENTATION_COMMENTS = YES;
				CLANG_WARN_EMPTY_BODY = YES;
				CLANG_WARN_ENUM_CONVERSION = YES;
				CLANG_WARN_INFINITE_RECURSION = YES;
				CLANG_WARN_INT_CONVERSION = YES;
				CLANG_WARN_NON_LITERAL_NULL_CONVERSION = YES;
				CLANG_WARN_OBJC_IMPLICIT_RETAIN_SELF = YES;
				CLANG_WARN_OBJC_LITERAL_CONVERSION = YES;
				CLANG_WARN_OBJC_ROOT_CLASS = YES_ERROR;
				CLANG_WARN_QUOTED_INCLUDE_IN_FRAMEWORK_HEADER = YES;
				CLANG_WARN_RANGE_LOOP_ANALYSIS = YES;
				CLANG_WARN_STRICT_PROTOTYPES = YES;
				CLANG_WARN_SUSPICIOUS_MOVE = YES;
				CLANG_WARN_UNGUARDED_AVAILABILITY = YES_AGGRESSIVE;
				CLANG_WARN_UNREACHABLE_CODE = YES;
				CLANG_WARN__DUPLICATE_METHOD_MATCH = YES;
				COPY_PHASE_STRIP = NO;
				DEBUG_INFORMATION_FORMAT = "dwarf-with-dsym";
				ENABLE_NS_ASSERTIONS = NO;
				ENABLE_STRICT_OBJC_MSGSEND = YES;
				GCC_C_LANGUAGE_STANDARD = gnu11;
				GCC_NO_COMMON_BLOCKS = YES;
				GCC_WARN_64_TO_32_BIT_CONVERSION = YES;
				GCC_WARN_ABOUT_RETURN_TYPE = YES_ERROR;
				GCC_WARN_UNDECLARED_SELECTOR = YES;
				GCC_WARN_UNINITIALIZED_AUTOS = YES_AGGRESSIVE;
				GCC_WARN_UNUSED_FUNCTION = YES;
				GCC_WARN_UNUSED_VARIABLE = YES;
				IPHONEOS_DEPLOYMENT_TARGET = 14.3;
				MTL_ENABLE_DEBUG_INFO = NO;
				MTL_FAST_MATH = YES;
				SDKROOT = iphoneos;
				SWIFT_COMPILATION_MODE = wholemodule;
				SWIFT_OPTIMIZATION_LEVEL = "-O";
				VALIDATE_PRODUCT = YES;
			};
			name = Release;
		};
		3AA5272C2618EF21002975B2 /* Debug */ = {
			isa = XCBuildConfiguration;
			baseConfigurationReference = 758338F54EF1C0B56CB20614 /* Pods-flix.debug.xcconfig */;
			buildSettings = {
				ASSETCATALOG_COMPILER_APPICON_NAME = AppIcon;
				ASSETCATALOG_COMPILER_GLOBAL_ACCENT_COLOR_NAME = AccentColor;
				CODE_SIGN_STYLE = Automatic;
				DEVELOPMENT_TEAM = AF3KZJRWX6;
				INFOPLIST_FILE = flix/Info.plist;
				LD_RUNPATH_SEARCH_PATHS = (
					"$(inherited)",
					"@executable_path/Frameworks",
				);
				PRODUCT_BUNDLE_IDENTIFIER = myorg.flix;
				PRODUCT_NAME = "$(TARGET_NAME)";
				SWIFT_VERSION = 5.0;
				TARGETED_DEVICE_FAMILY = "1,2";
			};
			name = Debug;
		};
		3AA5272D2618EF21002975B2 /* Release */ = {
			isa = XCBuildConfiguration;
			baseConfigurationReference = 43463F4A1FAC7EDEE871F2D1 /* Pods-flix.release.xcconfig */;
			buildSettings = {
				ASSETCATALOG_COMPILER_APPICON_NAME = AppIcon;
				ASSETCATALOG_COMPILER_GLOBAL_ACCENT_COLOR_NAME = AccentColor;
				CODE_SIGN_STYLE = Automatic;
				DEVELOPMENT_TEAM = AF3KZJRWX6;
				INFOPLIST_FILE = flix/Info.plist;
				LD_RUNPATH_SEARCH_PATHS = (
					"$(inherited)",
					"@executable_path/Frameworks",
				);
				PRODUCT_BUNDLE_IDENTIFIER = myorg.flix;
				PRODUCT_NAME = "$(TARGET_NAME)";
				SWIFT_VERSION = 5.0;
				TARGETED_DEVICE_FAMILY = "1,2";
			};
			name = Release;
		};
		3AA5272F2618EF21002975B2 /* Debug */ = {
			isa = XCBuildConfiguration;
			baseConfigurationReference = 5EEC2CA1F9CC085D8275C137 /* Pods-flixTests.debug.xcconfig */;
			buildSettings = {
				ALWAYS_EMBED_SWIFT_STANDARD_LIBRARIES = YES;
				BUNDLE_LOADER = "$(TEST_HOST)";
				CODE_SIGN_STYLE = Automatic;
				INFOPLIST_FILE = flixTests/Info.plist;
				IPHONEOS_DEPLOYMENT_TARGET = 14.3;
				LD_RUNPATH_SEARCH_PATHS = (
					"$(inherited)",
					"@executable_path/Frameworks",
					"@loader_path/Frameworks",
				);
				PRODUCT_BUNDLE_IDENTIFIER = myorg.flixTests;
				PRODUCT_NAME = "$(TARGET_NAME)";
				SWIFT_VERSION = 5.0;
				TARGETED_DEVICE_FAMILY = "1,2";
				TEST_HOST = "$(BUILT_PRODUCTS_DIR)/flix.app/flix";
			};
			name = Debug;
		};
		3AA527302618EF21002975B2 /* Release */ = {
			isa = XCBuildConfiguration;
			baseConfigurationReference = 5BE1C0F2FE966432D092D3AA /* Pods-flixTests.release.xcconfig */;
			buildSettings = {
				ALWAYS_EMBED_SWIFT_STANDARD_LIBRARIES = YES;
				BUNDLE_LOADER = "$(TEST_HOST)";
				CODE_SIGN_STYLE = Automatic;
				INFOPLIST_FILE = flixTests/Info.plist;
				IPHONEOS_DEPLOYMENT_TARGET = 14.3;
				LD_RUNPATH_SEARCH_PATHS = (
					"$(inherited)",
					"@executable_path/Frameworks",
					"@loader_path/Frameworks",
				);
				PRODUCT_BUNDLE_IDENTIFIER = myorg.flixTests;
				PRODUCT_NAME = "$(TARGET_NAME)";
				SWIFT_VERSION = 5.0;
				TARGETED_DEVICE_FAMILY = "1,2";
				TEST_HOST = "$(BUILT_PRODUCTS_DIR)/flix.app/flix";
			};
			name = Release;
		};
		3AA527322618EF21002975B2 /* Debug */ = {
			isa = XCBuildConfiguration;
			baseConfigurationReference = 062F8FC81FE1775BF23554F8 /* Pods-flix-flixUITests.debug.xcconfig */;
			buildSettings = {
				ALWAYS_EMBED_SWIFT_STANDARD_LIBRARIES = YES;
				CODE_SIGN_STYLE = Automatic;
				INFOPLIST_FILE = flixUITests/Info.plist;
				LD_RUNPATH_SEARCH_PATHS = (
					"$(inherited)",
					"@executable_path/Frameworks",
					"@loader_path/Frameworks",
				);
				PRODUCT_BUNDLE_IDENTIFIER = myorg.flixUITests;
				PRODUCT_NAME = "$(TARGET_NAME)";
				SWIFT_VERSION = 5.0;
				TARGETED_DEVICE_FAMILY = "1,2";
				TEST_TARGET_NAME = flix;
			};
			name = Debug;
		};
		3AA527332618EF21002975B2 /* Release */ = {
			isa = XCBuildConfiguration;
			baseConfigurationReference = 6099340E56B4CD6AE68AB10D /* Pods-flix-flixUITests.release.xcconfig */;
			buildSettings = {
				ALWAYS_EMBED_SWIFT_STANDARD_LIBRARIES = YES;
				CODE_SIGN_STYLE = Automatic;
				INFOPLIST_FILE = flixUITests/Info.plist;
				LD_RUNPATH_SEARCH_PATHS = (
					"$(inherited)",
					"@executable_path/Frameworks",
					"@loader_path/Frameworks",
				);
				PRODUCT_BUNDLE_IDENTIFIER = myorg.flixUITests;
				PRODUCT_NAME = "$(TARGET_NAME)";
				SWIFT_VERSION = 5.0;
				TARGETED_DEVICE_FAMILY = "1,2";
				TEST_TARGET_NAME = flix;
			};
			name = Release;
		};
/* End XCBuildConfiguration section */

/* Begin XCConfigurationList section */
		3AA526FC2618EF20002975B2 /* Build configuration list for PBXProject "flix" */ = {
			isa = XCConfigurationList;
			buildConfigurations = (
				3AA527292618EF21002975B2 /* Debug */,
				3AA5272A2618EF21002975B2 /* Release */,
			);
			defaultConfigurationIsVisible = 0;
			defaultConfigurationName = Release;
		};
		3AA5272B2618EF21002975B2 /* Build configuration list for PBXNativeTarget "flix" */ = {
			isa = XCConfigurationList;
			buildConfigurations = (
				3AA5272C2618EF21002975B2 /* Debug */,
				3AA5272D2618EF21002975B2 /* Release */,
			);
			defaultConfigurationIsVisible = 0;
			defaultConfigurationName = Release;
		};
		3AA5272E2618EF21002975B2 /* Build configuration list for PBXNativeTarget "flixTests" */ = {
			isa = XCConfigurationList;
			buildConfigurations = (
				3AA5272F2618EF21002975B2 /* Debug */,
				3AA527302618EF21002975B2 /* Release */,
			);
			defaultConfigurationIsVisible = 0;
			defaultConfigurationName = Release;
		};
		3AA527312618EF21002975B2 /* Build configuration list for PBXNativeTarget "flixUITests" */ = {
			isa = XCConfigurationList;
			buildConfigurations = (
				3AA527322618EF21002975B2 /* Debug */,
				3AA527332618EF21002975B2 /* Release */,
			);
			defaultConfigurationIsVisible = 0;
			defaultConfigurationName = Release;
		};
/* End XCConfigurationList section */
	};
	rootObject = 3AA526F92618EF20002975B2 /* Project object */;
}
